// !$*UTF8*$!
{
	archiveVersion = 1;
	classes = {
	};
	objectVersion = 46;
	objects = {

/* Begin PBXBuildFile section */
		6A97FC981C29FA2E00362EBF /* AppDelegate.swift in Sources */ = {isa = PBXBuildFile; fileRef = 6A97FC971C29FA2E00362EBF /* AppDelegate.swift */; };
		6A97FC9A1C29FA2E00362EBF /* Assets.xcassets in Resources */ = {isa = PBXBuildFile; fileRef = 6A97FC991C29FA2E00362EBF /* Assets.xcassets */; };
		6A97FC9D1C29FA2E00362EBF /* MainMenu.xib in Resources */ = {isa = PBXBuildFile; fileRef = 6A97FC9B1C29FA2E00362EBF /* MainMenu.xib */; };
		6AAE248A1C29FC3C0027C55B /* StatusItemController.swift in Sources */ = {isa = PBXBuildFile; fileRef = 6AAE24891C29FC3C0027C55B /* StatusItemController.swift */; };
		6AAE248D1C29FD330027C55B /* StatusItemView.swift in Sources */ = {isa = PBXBuildFile; fileRef = 6AAE248C1C29FD330027C55B /* StatusItemView.swift */; };
		6AAE248F1C2A00CD0027C55B /* StatusItemViewDelegate.swift in Sources */ = {isa = PBXBuildFile; fileRef = 6AAE248E1C2A00CD0027C55B /* StatusItemViewDelegate.swift */; };
/* End PBXBuildFile section */

/* Begin PBXFileReference section */
		6A97FC941C29FA2E00362EBF /* RocketFuel.app */ = {isa = PBXFileReference; explicitFileType = wrapper.application; includeInIndex = 0; path = RocketFuel.app; sourceTree = BUILT_PRODUCTS_DIR; };
		6A97FC971C29FA2E00362EBF /* AppDelegate.swift */ = {isa = PBXFileReference; lastKnownFileType = sourcecode.swift; path = AppDelegate.swift; sourceTree = "<group>"; };
		6A97FC991C29FA2E00362EBF /* Assets.xcassets */ = {isa = PBXFileReference; lastKnownFileType = folder.assetcatalog; path = Assets.xcassets; sourceTree = "<group>"; };
		6A97FC9C1C29FA2E00362EBF /* Base */ = {isa = PBXFileReference; lastKnownFileType = file.xib; name = Base; path = Base.lproj/MainMenu.xib; sourceTree = "<group>"; };
		6A97FC9E1C29FA2E00362EBF /* Info.plist */ = {isa = PBXFileReference; lastKnownFileType = text.plist.xml; path = Info.plist; sourceTree = "<group>"; };
		6AAE24891C29FC3C0027C55B /* StatusItemController.swift */ = {isa = PBXFileReference; fileEncoding = 4; lastKnownFileType = sourcecode.swift; name = StatusItemController.swift; path = Controller/StatusItemController.swift; sourceTree = "<group>"; };
		6AAE248C1C29FD330027C55B /* StatusItemView.swift */ = {isa = PBXFileReference; fileEncoding = 4; lastKnownFileType = sourcecode.swift; name = StatusItemView.swift; path = View/StatusItemView.swift; sourceTree = "<group>"; };
		6AAE248E1C2A00CD0027C55B /* StatusItemViewDelegate.swift */ = {isa = PBXFileReference; fileEncoding = 4; lastKnownFileType = sourcecode.swift; name = StatusItemViewDelegate.swift; path = Protocols/StatusItemViewDelegate.swift; sourceTree = "<group>"; };
/* End PBXFileReference section */

/* Begin PBXFrameworksBuildPhase section */
		6A97FC911C29FA2E00362EBF /* Frameworks */ = {
			isa = PBXFrameworksBuildPhase;
			buildActionMask = 2147483647;
			files = (
			);
			runOnlyForDeploymentPostprocessing = 0;
		};
/* End PBXFrameworksBuildPhase section */

/* Begin PBXGroup section */
		6A97FC8B1C29FA2E00362EBF = {
			isa = PBXGroup;
			children = (
				6A97FC961C29FA2E00362EBF /* RocketFuel */,
				6A97FC951C29FA2E00362EBF /* Products */,
			);
			sourceTree = "<group>";
		};
		6A97FC951C29FA2E00362EBF /* Products */ = {
			isa = PBXGroup;
			children = (
				6A97FC941C29FA2E00362EBF /* RocketFuel.app */,
			);
			name = Products;
			sourceTree = "<group>";
		};
		6A97FC961C29FA2E00362EBF /* RocketFuel */ = {
			isa = PBXGroup;
			children = (
				6A97FC971C29FA2E00362EBF /* AppDelegate.swift */,
				6AAE248B1C29FC450027C55B /* Controllers */,
				6AAE24911C2A01320027C55B /* Views */,
				6AAE24901C2A01230027C55B /* Protocols */,
				6AAE24871C29FBC40027C55B /* UI */,
				6AAE24881C29FBCB0027C55B /* Supporting Files */,
			);
			path = RocketFuel;
			sourceTree = "<group>";
		};
		6AAE24871C29FBC40027C55B /* UI */ = {
			isa = PBXGroup;
			children = (
				6A97FC9B1C29FA2E00362EBF /* MainMenu.xib */,
			);
			name = UI;
			sourceTree = "<group>";
		};
		6AAE24881C29FBCB0027C55B /* Supporting Files */ = {
			isa = PBXGroup;
			children = (
				6A97FC991C29FA2E00362EBF /* Assets.xcassets */,
				6A97FC9E1C29FA2E00362EBF /* Info.plist */,
			);
			name = "Supporting Files";
			sourceTree = "<group>";
		};
		6AAE248B1C29FC450027C55B /* Controllers */ = {
			isa = PBXGroup;
			children = (
				6AAE24891C29FC3C0027C55B /* StatusItemController.swift */,
			);
			name = Controllers;
			sourceTree = "<group>";
		};
		6AAE24901C2A01230027C55B /* Protocols */ = {
			isa = PBXGroup;
			children = (
				6AAE248E1C2A00CD0027C55B /* StatusItemViewDelegate.swift */,
			);
			name = Protocols;
			sourceTree = "<group>";
		};
		6AAE24911C2A01320027C55B /* Views */ = {
			isa = PBXGroup;
			children = (
				6AAE248C1C29FD330027C55B /* StatusItemView.swift */,
			);
			name = Views;
			sourceTree = "<group>";
		};
/* End PBXGroup section */

/* Begin PBXNativeTarget section */
		6A97FC931C29FA2E00362EBF /* RocketFuel */ = {
			isa = PBXNativeTarget;
			buildConfigurationList = 6A97FCA11C29FA2E00362EBF /* Build configuration list for PBXNativeTarget "RocketFuel" */;
			buildPhases = (
				6A97FC901C29FA2E00362EBF /* Sources */,
				6A97FC911C29FA2E00362EBF /* Frameworks */,
				6A97FC921C29FA2E00362EBF /* Resources */,
				6A97FCA51C29FA6700362EBF /* ShellScript */,
			);
			buildRules = (
			);
			dependencies = (
			);
			name = RocketFuel;
			productName = RocketFuel;
			productReference = 6A97FC941C29FA2E00362EBF /* RocketFuel.app */;
			productType = "com.apple.product-type.application";
		};
/* End PBXNativeTarget section */

/* Begin PBXProject section */
		6A97FC8C1C29FA2E00362EBF /* Project object */ = {
			isa = PBXProject;
			attributes = {
				LastSwiftUpdateCheck = 0720;
				LastUpgradeCheck = 0720;
				ORGANIZATIONNAME = "Ardalan Samimi";
				TargetAttributes = {
					6A97FC931C29FA2E00362EBF = {
						CreatedOnToolsVersion = 7.2;
					};
				};
			};
			buildConfigurationList = 6A97FC8F1C29FA2E00362EBF /* Build configuration list for PBXProject "RocketFuel" */;
			compatibilityVersion = "Xcode 3.2";
			developmentRegion = English;
			hasScannedForEncodings = 0;
			knownRegions = (
				en,
				Base,
			);
			mainGroup = 6A97FC8B1C29FA2E00362EBF;
			productRefGroup = 6A97FC951C29FA2E00362EBF /* Products */;
			projectDirPath = "";
			projectRoot = "";
			targets = (
				6A97FC931C29FA2E00362EBF /* RocketFuel */,
			);
		};
/* End PBXProject section */

/* Begin PBXResourcesBuildPhase section */
		6A97FC921C29FA2E00362EBF /* Resources */ = {
			isa = PBXResourcesBuildPhase;
			buildActionMask = 2147483647;
			files = (
				6A97FC9A1C29FA2E00362EBF /* Assets.xcassets in Resources */,
				6A97FC9D1C29FA2E00362EBF /* MainMenu.xib in Resources */,
			);
			runOnlyForDeploymentPostprocessing = 0;
		};
/* End PBXResourcesBuildPhase section */

/* Begin PBXShellScriptBuildPhase section */
		6A97FCA51C29FA6700362EBF /* ShellScript */ = {
			isa = PBXShellScriptBuildPhase;
			buildActionMask = 2147483647;
			files = (
			);
			inputPaths = (
			);
			outputPaths = (
			);
			runOnlyForDeploymentPostprocessing = 0;
			shellPath = /bin/bash;
			shellScript = "#!/bin/bash\nbuildNumber=$(/usr/libexec/PlistBuddy -c \"Print CFBundleVersion\" \"$INFOPLIST_FILE\")\nbuildNumber=$((0x$buildNumber))\nbuildNumber=$(($buildNumber + 1))\nbuildNumber=$(printf \"%04X\" $buildNumber)\n/usr/libexec/PlistBuddy -c \"Set :CFBundleVersion $buildNumber\" \"$INFOPLIST_FILE\"";
		};
/* End PBXShellScriptBuildPhase section */

/* Begin PBXSourcesBuildPhase section */
		6A97FC901C29FA2E00362EBF /* Sources */ = {
			isa = PBXSourcesBuildPhase;
			buildActionMask = 2147483647;
			files = (
				6AAE248F1C2A00CD0027C55B /* StatusItemViewDelegate.swift in Sources */,
				6AAE248D1C29FD330027C55B /* StatusItemView.swift in Sources */,
				6AAE248A1C29FC3C0027C55B /* StatusItemController.swift in Sources */,
				6A97FC981C29FA2E00362EBF /* AppDelegate.swift in Sources */,
			);
			runOnlyForDeploymentPostprocessing = 0;
		};
/* End PBXSourcesBuildPhase section */

/* Begin PBXVariantGroup section */
		6A97FC9B1C29FA2E00362EBF /* MainMenu.xib */ = {
			isa = PBXVariantGroup;
			children = (
				6A97FC9C1C29FA2E00362EBF /* Base */,
			);
			name = MainMenu.xib;
			sourceTree = "<group>";
		};
/* End PBXVariantGroup section */

/* Begin XCBuildConfiguration section */
		6A97FC9F1C29FA2E00362EBF /* Debug */ = {
			isa = XCBuildConfiguration;
			buildSettings = {
				ALWAYS_SEARCH_USER_PATHS = NO;
				CLANG_CXX_LANGUAGE_STANDARD = "gnu++0x";
				CLANG_CXX_LIBRARY = "libc++";
				CLANG_ENABLE_MODULES = YES;
				CLANG_ENABLE_OBJC_ARC = YES;
				CLANG_WARN_BOOL_CONVERSION = YES;
				CLANG_WARN_CONSTANT_CONVERSION = YES;
				CLANG_WARN_DIRECT_OBJC_ISA_USAGE = YES_ERROR;
				CLANG_WARN_EMPTY_BODY = YES;
				CLANG_WARN_ENUM_CONVERSION = YES;
				CLANG_WARN_INT_CONVERSION = YES;
				CLANG_WARN_OBJC_ROOT_CLASS = YES_ERROR;
				CLANG_WARN_UNREACHABLE_CODE = YES;
				CLANG_WARN__DUPLICATE_METHOD_MATCH = YES;
				CODE_SIGN_IDENTITY = "-";
				COPY_PHASE_STRIP = NO;
				DEBUG_INFORMATION_FORMAT = dwarf;
				ENABLE_STRICT_OBJC_MSGSEND = YES;
				ENABLE_TESTABILITY = YES;
				GCC_C_LANGUAGE_STANDARD = gnu99;
				GCC_DYNAMIC_NO_PIC = NO;
				GCC_NO_COMMON_BLOCKS = YES;
				GCC_OPTIMIZATION_LEVEL = 0;
				GCC_PREPROCESSOR_DEFINITIONS = (
					"DEBUG=1",
					"$(inherited)",
				);
				GCC_WARN_64_TO_32_BIT_CONVERSION = YES;
				GCC_WARN_ABOUT_RETURN_TYPE = YES_ERROR;
				GCC_WARN_UNDECLARED_SELECTOR = YES;
				GCC_WARN_UNINITIALIZED_AUTOS = YES_AGGRESSIVE;
				GCC_WARN_UNUSED_FUNCTION = YES;
				GCC_WARN_UNUSED_VARIABLE = YES;
				MACOSX_DEPLOYMENT_TARGET = 10.11;
				MTL_ENABLE_DEBUG_INFO = YES;
				ONLY_ACTIVE_ARCH = YES;
				SDKROOT = macosx;
				SWIFT_OPTIMIZATION_LEVEL = "-Onone";
			};
			name = Debug;
		};
		6A97FCA01C29FA2E00362EBF /* Release */ = {
			isa = XCBuildConfiguration;
			buildSettings = {
				ALWAYS_SEARCH_USER_PATHS = NO;
				CLANG_CXX_LANGUAGE_STANDARD = "gnu++0x";
				CLANG_CXX_LIBRARY = "libc++";
				CLANG_ENABLE_MODULES = YES;
				CLANG_ENABLE_OBJC_ARC = YES;
				CLANG_WARN_BOOL_CONVERSION = YES;
				CLANG_WARN_CONSTANT_CONVERSION = YES;
				CLANG_WARN_DIRECT_OBJC_ISA_USAGE = YES_ERROR;
				CLANG_WARN_EMPTY_BODY = YES;
				CLANG_WARN_ENUM_CONVERSION = YES;
				CLANG_WARN_INT_CONVERSION = YES;
				CLANG_WARN_OBJC_ROOT_CLASS = YES_ERROR;
				CLANG_WARN_UNREACHABLE_CODE = YES;
				CLANG_WARN__DUPLICATE_METHOD_MATCH = YES;
				CODE_SIGN_IDENTITY = "-";
				COPY_PHASE_STRIP = NO;
				DEBUG_INFORMATION_FORMAT = "dwarf-with-dsym";
				ENABLE_NS_ASSERTIONS = NO;
				ENABLE_STRICT_OBJC_MSGSEND = YES;
				GCC_C_LANGUAGE_STANDARD = gnu99;
				GCC_NO_COMMON_BLOCKS = YES;
				GCC_WARN_64_TO_32_BIT_CONVERSION = YES;
				GCC_WARN_ABOUT_RETURN_TYPE = YES_ERROR;
				GCC_WARN_UNDECLARED_SELECTOR = YES;
				GCC_WARN_UNINITIALIZED_AUTOS = YES_AGGRESSIVE;
				GCC_WARN_UNUSED_FUNCTION = YES;
				GCC_WARN_UNUSED_VARIABLE = YES;
				MACOSX_DEPLOYMENT_TARGET = 10.11;
				MTL_ENABLE_DEBUG_INFO = NO;
				SDKROOT = macosx;
			};
			name = Release;
		};
		6A97FCA21C29FA2E00362EBF /* Debug */ = {
			isa = XCBuildConfiguration;
			buildSettings = {
				ASSETCATALOG_COMPILER_APPICON_NAME = AppIcon;
				COMBINE_HIDPI_IMAGES = YES;
				INFOPLIST_FILE = RocketFuel/Info.plist;
				LD_RUNPATH_SEARCH_PATHS = "$(inherited) @executable_path/../Frameworks";
				MACOSX_DEPLOYMENT_TARGET = 10.10;
				PRODUCT_BUNDLE_IDENTIFIER = com.SaturnFive.RocketFuel;
				PRODUCT_NAME = "$(TARGET_NAME)";
			};
			name = Debug;
		};
		6A97FCA31C29FA2E00362EBF /* Release */ = {
			isa = XCBuildConfiguration;
			buildSettings = {
				ASSETCATALOG_COMPILER_APPICON_NAME = AppIcon;
				COMBINE_HIDPI_IMAGES = YES;
				INFOPLIST_FILE = RocketFuel/Info.plist;
				LD_RUNPATH_SEARCH_PATHS = "$(inherited) @executable_path/../Frameworks";
				MACOSX_DEPLOYMENT_TARGET = 10.10;
				PRODUCT_BUNDLE_IDENTIFIER = com.SaturnFive.RocketFuel;
				PRODUCT_NAME = "$(TARGET_NAME)";
			};
			name = Release;
		};
/* End XCBuildConfiguration section */

/* Begin XCConfigurationList section */
		6A97FC8F1C29FA2E00362EBF /* Build configuration list for PBXProject "RocketFuel" */ = {
			isa = XCConfigurationList;
			buildConfigurations = (
				6A97FC9F1C29FA2E00362EBF /* Debug */,
				6A97FCA01C29FA2E00362EBF /* Release */,
			);
			defaultConfigurationIsVisible = 0;
			defaultConfigurationName = Release;
		};
		6A97FCA11C29FA2E00362EBF /* Build configuration list for PBXNativeTarget "RocketFuel" */ = {
			isa = XCConfigurationList;
			buildConfigurations = (
				6A97FCA21C29FA2E00362EBF /* Debug */,
				6A97FCA31C29FA2E00362EBF /* Release */,
			);
			defaultConfigurationIsVisible = 0;
			defaultConfigurationName = Release;
		};
/* End XCConfigurationList section */
	};
	rootObject = 6A97FC8C1C29FA2E00362EBF /* Project object */;
}
