{
  "pins" : [
    {
      "identity" : "sentry-cocoa",
      "kind" : "remoteSourceControl",
      "location" : "https://github.com/getsentry/sentry-cocoa",
      "state" : {
        "revision" : "5238cc5f12c2b75027730a54ecf632cf103daf21",
        "version" : "7.31.4"
      }
    }
  ],
  "version" : 2
}
