{
  "pins" : [
    {
      "identity" : "mixpanel-swift",
      "kind" : "remoteSourceControl",
      "location" : "https://github.com/mixpanel/mixpanel-swift",
      "state" : {
        "revision" : "cde947cd8d8204a86efd65d824ff9624e0a37a15",
        "version" : "4.0.4"
      }
    },
    {
      "identity" : "sentry-cocoa",
      "kind" : "remoteSourceControl",
      "location" : "https://github.com/getsentry/sentry-cocoa",
      "state" : {
        "revision" : "5238cc5f12c2b75027730a54ecf632cf103daf21",
        "version" : "7.31.4"
      }
    }
  ],
  "version" : 2
}
